
Microsoft Visual Studio Solution File, Format Version 12.00
# Visual Studio 15
VisualStudioVersion = 15.0.28307.757
MinimumVisualStudioVersion = 10.0.40219.1
Project("{FAE04EC0-301F-11D3-BF4B-00C04F79EFBC}") = "Core", "Core\Core.csproj", "{F96AEDA9-CAE9-4676-A922-8E11014427B4}"
EndProject
Project("{FAE04EC0-301F-11D3-BF4B-00C04F79EFBC}") = "ServiceDesktop.Presenters", "ServiceDesktop.Presenters\ServiceDesktop.Presenters.csproj", "{9D720C38-8B1D-4CC9-A312-2B78A843A76A}"
EndProject
Project("{FAE04EC0-301F-11D3-BF4B-00C04F79EFBC}") = "ServiceDesktop.Models", "ServiceDesktop.Models\ServiceDesktop.Models.csproj", "{D6829AF9-62C5-491B-8301-29A8636FABFA}"
EndProject
Project("{FAE04EC0-301F-11D3-BF4B-00C04F79EFBC}") = "ServiceDesktop.Services", "ServiceDesktop.Services\ServiceDesktop.Services.csproj", "{CB15D329-2EBD-4BF7-97D6-080956CA7777}"
EndProject
Project("{FAE04EC0-301F-11D3-BF4B-00C04F79EFBC}") = "ServiceDesktop.Views", "ServiceDesktop.Views\ServiceDesktop.Views.csproj", "{40735420-A731-4ECE-A2A5-A7FC91DE7510}"
EndProject
Global
	GlobalSection(SolutionConfigurationPlatforms) = preSolution
		Debug|Any CPU = Debug|Any CPU
		Release|Any CPU = Release|Any CPU
	EndGlobalSection
	GlobalSection(ProjectConfigurationPlatforms) = postSolution
		{F96AEDA9-CAE9-4676-A922-8E11014427B4}.Debug|Any CPU.ActiveCfg = Debug|Any CPU
		{F96AEDA9-CAE9-4676-A922-8E11014427B4}.Debug|Any CPU.Build.0 = Debug|Any CPU
		{F96AEDA9-CAE9-4676-A922-8E11014427B4}.Release|Any CPU.ActiveCfg = Release|Any CPU
		{F96AEDA9-CAE9-4676-A922-8E11014427B4}.Release|Any CPU.Build.0 = Release|Any CPU
		{9D720C38-8B1D-4CC9-A312-2B78A843A76A}.Debug|Any CPU.ActiveCfg = Debug|Any CPU
		{9D720C38-8B1D-4CC9-A312-2B78A843A76A}.Debug|Any CPU.Build.0 = Debug|Any CPU
		{9D720C38-8B1D-4CC9-A312-2B78A843A76A}.Release|Any CPU.ActiveCfg = Release|Any CPU
		{9D720C38-8B1D-4CC9-A312-2B78A843A76A}.Release|Any CPU.Build.0 = Release|Any CPU
		{D6829AF9-62C5-491B-8301-29A8636FABFA}.Debug|Any CPU.ActiveCfg = Debug|Any CPU
		{D6829AF9-62C5-491B-8301-29A8636FABFA}.Debug|Any CPU.Build.0 = Debug|Any CPU
		{D6829AF9-62C5-491B-8301-29A8636FABFA}.Release|Any CPU.ActiveCfg = Release|Any CPU
		{D6829AF9-62C5-491B-8301-29A8636FABFA}.Release|Any CPU.Build.0 = Release|Any CPU
		{CB15D329-2EBD-4BF7-97D6-080956CA7777}.Debug|Any CPU.ActiveCfg = Debug|Any CPU
		{CB15D329-2EBD-4BF7-97D6-080956CA7777}.Debug|Any CPU.Build.0 = Debug|Any CPU
		{CB15D329-2EBD-4BF7-97D6-080956CA7777}.Release|Any CPU.ActiveCfg = Release|Any CPU
		{CB15D329-2EBD-4BF7-97D6-080956CA7777}.Release|Any CPU.Build.0 = Release|Any CPU
		{40735420-A731-4ECE-A2A5-A7FC91DE7510}.Debug|Any CPU.ActiveCfg = Debug|Any CPU
		{40735420-A731-4ECE-A2A5-A7FC91DE7510}.Debug|Any CPU.Build.0 = Debug|Any CPU
		{40735420-A731-4ECE-A2A5-A7FC91DE7510}.Release|Any CPU.ActiveCfg = Release|Any CPU
		{40735420-A731-4ECE-A2A5-A7FC91DE7510}.Release|Any CPU.Build.0 = Release|Any CPU
	EndGlobalSection
	GlobalSection(SolutionProperties) = preSolution
		HideSolutionNode = FALSE
	EndGlobalSection
	GlobalSection(ExtensibilityGlobals) = postSolution
		SolutionGuid = {360BE16A-B6E8-4F41-97A7-B4B86819573C}
	EndGlobalSection
EndGlobal
